# This file is automatically @generated by Cargo.
# It is not intended for manual editing.
version = 3

[[package]]
name = "app"
version = "0.8.15"
dependencies = [
 "base",
 "comm",
 "sys",
]

[[package]]
name = "base"
version = "0.8.15"
dependencies = [
 "sys",
]

[[package]]
name = "comm"
version = "0.8.15"
dependencies = [
 "base",
 "sys",
]

[[package]]
name = "sys"
version = "0.8.15"
